// !$*UTF8*$!
{
	archiveVersion = 1;
	classes = {
	};
	objectVersion = 50;
	objects = {

/* Begin PBXBuildFile section */
		81CC1CED24A0678100524D35 /* AppDelegate.swift in Sources */ = {isa = PBXBuildFile; fileRef = 81CC1CEC24A0678100524D35 /* AppDelegate.swift */; };
		81CC1CEF24A0678100524D35 /* SceneDelegate.swift in Sources */ = {isa = PBXBuildFile; fileRef = 81CC1CEE24A0678100524D35 /* SceneDelegate.swift */; };
		81CC1CF124A0678100524D35 /* ViewController.swift in Sources */ = {isa = PBXBuildFile; fileRef = 81CC1CF024A0678100524D35 /* ViewController.swift */; };
		81CC1CF424A0678100524D35 /* Main.storyboard in Resources */ = {isa = PBXBuildFile; fileRef = 81CC1CF224A0678100524D35 /* Main.storyboard */; };
		81CC1CF724A0678100524D35 /* cs371l_tictactoe.xcdatamodeld in Sources */ = {isa = PBXBuildFile; fileRef = 81CC1CF524A0678100524D35 /* cs371l_tictactoe.xcdatamodeld */; };
		81CC1CF924A0678200524D35 /* Assets.xcassets in Resources */ = {isa = PBXBuildFile; fileRef = 81CC1CF824A0678200524D35 /* Assets.xcassets */; };
		81CC1CFC24A0678200524D35 /* LaunchScreen.storyboard in Resources */ = {isa = PBXBuildFile; fileRef = 81CC1CFA24A0678200524D35 /* LaunchScreen.storyboard */; };
		FC59572124A06F87009EA08D /* GameVC.swift in Sources */ = {isa = PBXBuildFile; fileRef = FC59572024A06F87009EA08D /* GameVC.swift */; };
		FC59572324A06FCE009EA08D /* InviteVC.swift in Sources */ = {isa = PBXBuildFile; fileRef = FC59572224A06FCE009EA08D /* InviteVC.swift */; };
		FC59572524A06FF9009EA08D /* MatchHistVC.swift in Sources */ = {isa = PBXBuildFile; fileRef = FC59572424A06FF9009EA08D /* MatchHistVC.swift */; };
		FC98E1D724A0707900083232 /* SettingsVC.swift in Sources */ = {isa = PBXBuildFile; fileRef = FC98E1D624A0707900083232 /* SettingsVC.swift */; };
/* End PBXBuildFile section */

/* Begin PBXFileReference section */
		81CC1CE924A0678100524D35 /* cs371l-tictactoe.app */ = {isa = PBXFileReference; explicitFileType = wrapper.application; includeInIndex = 0; path = "cs371l-tictactoe.app"; sourceTree = BUILT_PRODUCTS_DIR; };
		81CC1CEC24A0678100524D35 /* AppDelegate.swift */ = {isa = PBXFileReference; lastKnownFileType = sourcecode.swift; path = AppDelegate.swift; sourceTree = "<group>"; };
		81CC1CEE24A0678100524D35 /* SceneDelegate.swift */ = {isa = PBXFileReference; lastKnownFileType = sourcecode.swift; path = SceneDelegate.swift; sourceTree = "<group>"; };
		81CC1CF024A0678100524D35 /* ViewController.swift */ = {isa = PBXFileReference; lastKnownFileType = sourcecode.swift; path = ViewController.swift; sourceTree = "<group>"; };
		81CC1CF324A0678100524D35 /* Base */ = {isa = PBXFileReference; lastKnownFileType = file.storyboard; name = Base; path = Base.lproj/Main.storyboard; sourceTree = "<group>"; };
		81CC1CF624A0678100524D35 /* cs371l_tictactoe.xcdatamodel */ = {isa = PBXFileReference; lastKnownFileType = wrapper.xcdatamodel; path = cs371l_tictactoe.xcdatamodel; sourceTree = "<group>"; };
		81CC1CF824A0678200524D35 /* Assets.xcassets */ = {isa = PBXFileReference; lastKnownFileType = folder.assetcatalog; path = Assets.xcassets; sourceTree = "<group>"; };
		81CC1CFB24A0678200524D35 /* Base */ = {isa = PBXFileReference; lastKnownFileType = file.storyboard; name = Base; path = Base.lproj/LaunchScreen.storyboard; sourceTree = "<group>"; };
		81CC1CFD24A0678200524D35 /* Info.plist */ = {isa = PBXFileReference; lastKnownFileType = text.plist.xml; path = Info.plist; sourceTree = "<group>"; };
		FC59572024A06F87009EA08D /* GameVC.swift */ = {isa = PBXFileReference; lastKnownFileType = sourcecode.swift; path = GameVC.swift; sourceTree = "<group>"; };
		FC59572224A06FCE009EA08D /* InviteVC.swift */ = {isa = PBXFileReference; lastKnownFileType = sourcecode.swift; path = InviteVC.swift; sourceTree = "<group>"; };
		FC59572424A06FF9009EA08D /* MatchHistVC.swift */ = {isa = PBXFileReference; lastKnownFileType = sourcecode.swift; path = MatchHistVC.swift; sourceTree = "<group>"; };
		FC98E1D624A0707900083232 /* SettingsVC.swift */ = {isa = PBXFileReference; lastKnownFileType = sourcecode.swift; path = SettingsVC.swift; sourceTree = "<group>"; };
/* End PBXFileReference section */

/* Begin PBXFrameworksBuildPhase section */
		81CC1CE624A0678100524D35 /* Frameworks */ = {
			isa = PBXFrameworksBuildPhase;
			buildActionMask = 2147483647;
			files = (
			);
			runOnlyForDeploymentPostprocessing = 0;
		};
/* End PBXFrameworksBuildPhase section */

/* Begin PBXGroup section */
		81CC1CE024A0678100524D35 = {
			isa = PBXGroup;
			children = (
				81CC1CEB24A0678100524D35 /* cs371l-tictactoe */,
				81CC1CEA24A0678100524D35 /* Products */,
			);
			sourceTree = "<group>";
		};
		81CC1CEA24A0678100524D35 /* Products */ = {
			isa = PBXGroup;
			children = (
				81CC1CE924A0678100524D35 /* cs371l-tictactoe.app */,
			);
			name = Products;
			sourceTree = "<group>";
		};
		81CC1CEB24A0678100524D35 /* cs371l-tictactoe */ = {
			isa = PBXGroup;
			children = (
				81CC1CEC24A0678100524D35 /* AppDelegate.swift */,
				81CC1CEE24A0678100524D35 /* SceneDelegate.swift */,
				81CC1CF024A0678100524D35 /* ViewController.swift */,
				81CC1CF224A0678100524D35 /* Main.storyboard */,
				FC59572024A06F87009EA08D /* GameVC.swift */,
				FC98E1D624A0707900083232 /* SettingsVC.swift */,
				FC59572224A06FCE009EA08D /* InviteVC.swift */,
				FC59572424A06FF9009EA08D /* MatchHistVC.swift */,
				81CC1CF824A0678200524D35 /* Assets.xcassets */,
				81CC1CFA24A0678200524D35 /* LaunchScreen.storyboard */,
				81CC1CFD24A0678200524D35 /* Info.plist */,
				81CC1CF524A0678100524D35 /* cs371l_tictactoe.xcdatamodeld */,
			);
			path = "cs371l-tictactoe";
			sourceTree = "<group>";
		};
/* End PBXGroup section */

/* Begin PBXNativeTarget section */
		81CC1CE824A0678100524D35 /* cs371l-tictactoe */ = {
			isa = PBXNativeTarget;
			buildConfigurationList = 81CC1D0024A0678200524D35 /* Build configuration list for PBXNativeTarget "cs371l-tictactoe" */;
			buildPhases = (
				81CC1CE524A0678100524D35 /* Sources */,
				81CC1CE624A0678100524D35 /* Frameworks */,
				81CC1CE724A0678100524D35 /* Resources */,
			);
			buildRules = (
			);
			dependencies = (
			);
			name = "cs371l-tictactoe";
			productName = "cs371l-tictactoe";
			productReference = 81CC1CE924A0678100524D35 /* cs371l-tictactoe.app */;
			productType = "com.apple.product-type.application";
		};
/* End PBXNativeTarget section */

/* Begin PBXProject section */
		81CC1CE124A0678100524D35 /* Project object */ = {
			isa = PBXProject;
			attributes = {
				LastSwiftUpdateCheck = 1100;
				LastUpgradeCheck = 1100;
				ORGANIZATIONNAME = billyvo;
				TargetAttributes = {
					81CC1CE824A0678100524D35 = {
						CreatedOnToolsVersion = 11.0;
					};
				};
			};
			buildConfigurationList = 81CC1CE424A0678100524D35 /* Build configuration list for PBXProject "cs371l-tictactoe" */;
			compatibilityVersion = "Xcode 9.3";
			developmentRegion = en;
			hasScannedForEncodings = 0;
			knownRegions = (
				en,
				Base,
			);
			mainGroup = 81CC1CE024A0678100524D35;
			productRefGroup = 81CC1CEA24A0678100524D35 /* Products */;
			projectDirPath = "";
			projectRoot = "";
			targets = (
				81CC1CE824A0678100524D35 /* cs371l-tictactoe */,
			);
		};
/* End PBXProject section */

/* Begin PBXResourcesBuildPhase section */
		81CC1CE724A0678100524D35 /* Resources */ = {
			isa = PBXResourcesBuildPhase;
			buildActionMask = 2147483647;
			files = (
				81CC1CFC24A0678200524D35 /* LaunchScreen.storyboard in Resources */,
				81CC1CF924A0678200524D35 /* Assets.xcassets in Resources */,
				81CC1CF424A0678100524D35 /* Main.storyboard in Resources */,
			);
			runOnlyForDeploymentPostprocessing = 0;
		};
/* End PBXResourcesBuildPhase section */

/* Begin PBXSourcesBuildPhase section */
		81CC1CE524A0678100524D35 /* Sources */ = {
			isa = PBXSourcesBuildPhase;
			buildActionMask = 2147483647;
			files = (
				81CC1CF124A0678100524D35 /* ViewController.swift in Sources */,
				81CC1CF724A0678100524D35 /* cs371l_tictactoe.xcdatamodeld in Sources */,
				81CC1CED24A0678100524D35 /* AppDelegate.swift in Sources */,
				FC59572324A06FCE009EA08D /* InviteVC.swift in Sources */,
				FC59572524A06FF9009EA08D /* MatchHistVC.swift in Sources */,
				FC98E1D724A0707900083232 /* SettingsVC.swift in Sources */,
				FC59572124A06F87009EA08D /* GameVC.swift in Sources */,
				81CC1CEF24A0678100524D35 /* SceneDelegate.swift in Sources */,
			);
			runOnlyForDeploymentPostprocessing = 0;
		};
/* End PBXSourcesBuildPhase section */

/* Begin PBXVariantGroup section */
		81CC1CF224A0678100524D35 /* Main.storyboard */ = {
			isa = PBXVariantGroup;
			children = (
				81CC1CF324A0678100524D35 /* Base */,
			);
			name = Main.storyboard;
			sourceTree = "<group>";
		};
		81CC1CFA24A0678200524D35 /* LaunchScreen.storyboard */ = {
			isa = PBXVariantGroup;
			children = (
				81CC1CFB24A0678200524D35 /* Base */,
			);
			name = LaunchScreen.storyboard;
			sourceTree = "<group>";
		};
/* End PBXVariantGroup section */

/* Begin XCBuildConfiguration section */
		81CC1CFE24A0678200524D35 /* Debug */ = {
			isa = XCBuildConfiguration;
			buildSettings = {
				ALWAYS_SEARCH_USER_PATHS = NO;
				CLANG_ANALYZER_NONNULL = YES;
				CLANG_ANALYZER_NUMBER_OBJECT_CONVERSION = YES_AGGRESSIVE;
				CLANG_CXX_LANGUAGE_STANDARD = "gnu++14";
				CLANG_CXX_LIBRARY = "libc++";
				CLANG_ENABLE_MODULES = YES;
				CLANG_ENABLE_OBJC_ARC = YES;
				CLANG_ENABLE_OBJC_WEAK = YES;
				CLANG_WARN_BLOCK_CAPTURE_AUTORELEASING = YES;
				CLANG_WARN_BOOL_CONVERSION = YES;
				CLANG_WARN_COMMA = YES;
				CLANG_WARN_CONSTANT_CONVERSION = YES;
				CLANG_WARN_DEPRECATED_OBJC_IMPLEMENTATIONS = YES;
				CLANG_WARN_DIRECT_OBJC_ISA_USAGE = YES_ERROR;
				CLANG_WARN_DOCUMENTATION_COMMENTS = YES;
				CLANG_WARN_EMPTY_BODY = YES;
				CLANG_WARN_ENUM_CONVERSION = YES;
				CLANG_WARN_INFINITE_RECURSION = YES;
				CLANG_WARN_INT_CONVERSION = YES;
				CLANG_WARN_NON_LITERAL_NULL_CONVERSION = YES;
				CLANG_WARN_OBJC_IMPLICIT_RETAIN_SELF = YES;
				CLANG_WARN_OBJC_LITERAL_CONVERSION = YES;
				CLANG_WARN_OBJC_ROOT_CLASS = YES_ERROR;
				CLANG_WARN_RANGE_LOOP_ANALYSIS = YES;
				CLANG_WARN_STRICT_PROTOTYPES = YES;
				CLANG_WARN_SUSPICIOUS_MOVE = YES;
				CLANG_WARN_UNGUARDED_AVAILABILITY = YES_AGGRESSIVE;
				CLANG_WARN_UNREACHABLE_CODE = YES;
				CLANG_WARN__DUPLICATE_METHOD_MATCH = YES;
				COPY_PHASE_STRIP = NO;
				DEBUG_INFORMATION_FORMAT = dwarf;
				ENABLE_STRICT_OBJC_MSGSEND = YES;
				ENABLE_TESTABILITY = YES;
				GCC_C_LANGUAGE_STANDARD = gnu11;
				GCC_DYNAMIC_NO_PIC = NO;
				GCC_NO_COMMON_BLOCKS = YES;
				GCC_OPTIMIZATION_LEVEL = 0;
				GCC_PREPROCESSOR_DEFINITIONS = (
					"DEBUG=1",
					"$(inherited)",
				);
				GCC_WARN_64_TO_32_BIT_CONVERSION = YES;
				GCC_WARN_ABOUT_RETURN_TYPE = YES_ERROR;
				GCC_WARN_UNDECLARED_SELECTOR = YES;
				GCC_WARN_UNINITIALIZED_AUTOS = YES_AGGRESSIVE;
				GCC_WARN_UNUSED_FUNCTION = YES;
				GCC_WARN_UNUSED_VARIABLE = YES;
				IPHONEOS_DEPLOYMENT_TARGET = 13.0;
				MTL_ENABLE_DEBUG_INFO = INCLUDE_SOURCE;
				MTL_FAST_MATH = YES;
				ONLY_ACTIVE_ARCH = YES;
				SDKROOT = iphoneos;
				SWIFT_ACTIVE_COMPILATION_CONDITIONS = DEBUG;
				SWIFT_OPTIMIZATION_LEVEL = "-Onone";
			};
			name = Debug;
		};
		81CC1CFF24A0678200524D35 /* Release */ = {
			isa = XCBuildConfiguration;
			buildSettings = {
				ALWAYS_SEARCH_USER_PATHS = NO;
				CLANG_ANALYZER_NONNULL = YES;
				CLANG_ANALYZER_NUMBER_OBJECT_CONVERSION = YES_AGGRESSIVE;
				CLANG_CXX_LANGUAGE_STANDARD = "gnu++14";
				CLANG_CXX_LIBRARY = "libc++";
				CLANG_ENABLE_MODULES = YES;
				CLANG_ENABLE_OBJC_ARC = YES;
				CLANG_ENABLE_OBJC_WEAK = YES;
				CLANG_WARN_BLOCK_CAPTURE_AUTORELEASING = YES;
				CLANG_WARN_BOOL_CONVERSION = YES;
				CLANG_WARN_COMMA = YES;
				CLANG_WARN_CONSTANT_CONVERSION = YES;
				CLANG_WARN_DEPRECATED_OBJC_IMPLEMENTATIONS = YES;
				CLANG_WARN_DIRECT_OBJC_ISA_USAGE = YES_ERROR;
				CLANG_WARN_DOCUMENTATION_COMMENTS = YES;
				CLANG_WARN_EMPTY_BODY = YES;
				CLANG_WARN_ENUM_CONVERSION = YES;
				CLANG_WARN_INFINITE_RECURSION = YES;
				CLANG_WARN_INT_CONVERSION = YES;
				CLANG_WARN_NON_LITERAL_NULL_CONVERSION = YES;
				CLANG_WARN_OBJC_IMPLICIT_RETAIN_SELF = YES;
				CLANG_WARN_OBJC_LITERAL_CONVERSION = YES;
				CLANG_WARN_OBJC_ROOT_CLASS = YES_ERROR;
				CLANG_WARN_RANGE_LOOP_ANALYSIS = YES;
				CLANG_WARN_STRICT_PROTOTYPES = YES;
				CLANG_WARN_SUSPICIOUS_MOVE = YES;
				CLANG_WARN_UNGUARDED_AVAILABILITY = YES_AGGRESSIVE;
				CLANG_WARN_UNREACHABLE_CODE = YES;
				CLANG_WARN__DUPLICATE_METHOD_MATCH = YES;
				COPY_PHASE_STRIP = NO;
				DEBUG_INFORMATION_FORMAT = "dwarf-with-dsym";
				ENABLE_NS_ASSERTIONS = NO;
				ENABLE_STRICT_OBJC_MSGSEND = YES;
				GCC_C_LANGUAGE_STANDARD = gnu11;
				GCC_NO_COMMON_BLOCKS = YES;
				GCC_WARN_64_TO_32_BIT_CONVERSION = YES;
				GCC_WARN_ABOUT_RETURN_TYPE = YES_ERROR;
				GCC_WARN_UNDECLARED_SELECTOR = YES;
				GCC_WARN_UNINITIALIZED_AUTOS = YES_AGGRESSIVE;
				GCC_WARN_UNUSED_FUNCTION = YES;
				GCC_WARN_UNUSED_VARIABLE = YES;
				IPHONEOS_DEPLOYMENT_TARGET = 13.0;
				MTL_ENABLE_DEBUG_INFO = NO;
				MTL_FAST_MATH = YES;
				SDKROOT = iphoneos;
				SWIFT_COMPILATION_MODE = wholemodule;
				SWIFT_OPTIMIZATION_LEVEL = "-O";
				VALIDATE_PRODUCT = YES;
			};
			name = Release;
		};
		81CC1D0124A0678200524D35 /* Debug */ = {
			isa = XCBuildConfiguration;
			buildSettings = {
				ASSETCATALOG_COMPILER_APPICON_NAME = AppIcon;
				CODE_SIGN_STYLE = Automatic;
				DEVELOPMENT_TEAM = MPKQ757C2H;
				INFOPLIST_FILE = "cs371l-tictactoe/Info.plist";
				LD_RUNPATH_SEARCH_PATHS = (
					"$(inherited)",
					"@executable_path/Frameworks",
				);
				PRODUCT_BUNDLE_IDENTIFIER = "utcs.cs371l-tictactoe";
				PRODUCT_NAME = "$(TARGET_NAME)";
				SWIFT_VERSION = 5.0;
				TARGETED_DEVICE_FAMILY = "1,2";
			};
			name = Debug;
		};
		81CC1D0224A0678200524D35 /* Release */ = {
			isa = XCBuildConfiguration;
			buildSettings = {
				ASSETCATALOG_COMPILER_APPICON_NAME = AppIcon;
				CODE_SIGN_STYLE = Automatic;
				DEVELOPMENT_TEAM = MPKQ757C2H;
				INFOPLIST_FILE = "cs371l-tictactoe/Info.plist";
				LD_RUNPATH_SEARCH_PATHS = (
					"$(inherited)",
					"@executable_path/Frameworks",
				);
				PRODUCT_BUNDLE_IDENTIFIER = "utcs.cs371l-tictactoe";
				PRODUCT_NAME = "$(TARGET_NAME)";
				SWIFT_VERSION = 5.0;
				TARGETED_DEVICE_FAMILY = "1,2";
			};
			name = Release;
		};
/* End XCBuildConfiguration section */

/* Begin XCConfigurationList section */
		81CC1CE424A0678100524D35 /* Build configuration list for PBXProject "cs371l-tictactoe" */ = {
			isa = XCConfigurationList;
			buildConfigurations = (
				81CC1CFE24A0678200524D35 /* Debug */,
				81CC1CFF24A0678200524D35 /* Release */,
			);
			defaultConfigurationIsVisible = 0;
			defaultConfigurationName = Release;
		};
		81CC1D0024A0678200524D35 /* Build configuration list for PBXNativeTarget "cs371l-tictactoe" */ = {
			isa = XCConfigurationList;
			buildConfigurations = (
				81CC1D0124A0678200524D35 /* Debug */,
				81CC1D0224A0678200524D35 /* Release */,
			);
			defaultConfigurationIsVisible = 0;
			defaultConfigurationName = Release;
		};
/* End XCConfigurationList section */

/* Begin XCVersionGroup section */
		81CC1CF524A0678100524D35 /* cs371l_tictactoe.xcdatamodeld */ = {
			isa = XCVersionGroup;
			children = (
				81CC1CF624A0678100524D35 /* cs371l_tictactoe.xcdatamodel */,
			);
			currentVersion = 81CC1CF624A0678100524D35 /* cs371l_tictactoe.xcdatamodel */;
			path = cs371l_tictactoe.xcdatamodeld;
			sourceTree = "<group>";
			versionGroupType = wrapper.xcdatamodel;
		};
/* End XCVersionGroup section */
	};
	rootObject = 81CC1CE124A0678100524D35 /* Project object */;
}
